
Microsoft Visual Studio Solution File, Format Version 12.00
# Visual Studio Version 16
VisualStudioVersion = 16.0.30225.117
MinimumVisualStudioVersion = 10.0.40219.1
Project("{FAE04EC0-301F-11D3-BF4B-00C04F79EFBC}") = "KafkaManager", "KafkaManager\KafkaManager.csproj", "{02790440-2029-45C7-854B-A355804FF46D}"
EndProject
Global
	GlobalSection(SolutionConfigurationPlatforms) = preSolution
		Debug|Any CPU = Debug|Any CPU
		Release|Any CPU = Release|Any CPU
	EndGlobalSection
	GlobalSection(ProjectConfigurationPlatforms) = postSolution
		{02790440-2029-45C7-854B-A355804FF46D}.Debug|Any CPU.ActiveCfg = Debug|Any CPU
		{02790440-2029-45C7-854B-A355804FF46D}.Debug|Any CPU.Build.0 = Debug|Any CPU
		{02790440-2029-45C7-854B-A355804FF46D}.Release|Any CPU.ActiveCfg = Release|Any CPU
		{02790440-2029-45C7-854B-A355804FF46D}.Release|Any CPU.Build.0 = Release|Any CPU
	EndGlobalSection
	GlobalSection(SolutionProperties) = preSolution
		HideSolutionNode = FALSE
	EndGlobalSection
	GlobalSection(ExtensibilityGlobals) = postSolution
		SolutionGuid = {F48393D3-7D0C-46E7-AF8D-CA8FB74662F6}
	EndGlobalSection
EndGlobal
